// !$*UTF8*$!
{
	archiveVersion = 1;
	classes = {
	};
	objectVersion = 50;
	objects = {

/* Begin PBXBuildFile section */
		3514929F223150AA00D32546 /* CartCell.m in Sources */ = {isa = PBXBuildFile; fileRef = 3514929D223150A900D32546 /* CartCell.m */; };
		351492A0223150AA00D32546 /* CartCell.xib in Resources */ = {isa = PBXBuildFile; fileRef = 3514929E223150A900D32546 /* CartCell.xib */; };
		351492A322315D4C00D32546 /* WineModel.m in Sources */ = {isa = PBXBuildFile; fileRef = 351492A222315D4C00D32546 /* WineModel.m */; };
		355AADAE22314A8C00DAC3DC /* ShoppingCart.m in Sources */ = {isa = PBXBuildFile; fileRef = 355AADAD22314A8C00DAC3DC /* ShoppingCart.m */; };
		35A54831222CB0E30017AA7B /* AppDelegate.m in Sources */ = {isa = PBXBuildFile; fileRef = 35A54830222CB0E30017AA7B /* AppDelegate.m */; };
		35A54837222CB0E30017AA7B /* Main.storyboard in Resources */ = {isa = PBXBuildFile; fileRef = 35A54835222CB0E30017AA7B /* Main.storyboard */; };
		35A54839222CB0E40017AA7B /* Assets.xcassets in Resources */ = {isa = PBXBuildFile; fileRef = 35A54838222CB0E40017AA7B /* Assets.xcassets */; };
		35A5483C222CB0E40017AA7B /* LaunchScreen.storyboard in Resources */ = {isa = PBXBuildFile; fileRef = 35A5483A222CB0E40017AA7B /* LaunchScreen.storyboard */; };
		35A5483F222CB0E40017AA7B /* main.m in Sources */ = {isa = PBXBuildFile; fileRef = 35A5483E222CB0E40017AA7B /* main.m */; };
		35A54849222CB0E40017AA7B /* DemoPracticeTests.m in Sources */ = {isa = PBXBuildFile; fileRef = 35A54848222CB0E40017AA7B /* DemoPracticeTests.m */; };
		35A54854222CB0E40017AA7B /* DemoPracticeUITests.m in Sources */ = {isa = PBXBuildFile; fileRef = 35A54853222CB0E40017AA7B /* DemoPracticeUITests.m */; };
		35A54863222CB18F0017AA7B /* MainPage.m in Sources */ = {isa = PBXBuildFile; fileRef = 35A54862222CB18F0017AA7B /* MainPage.m */; };
		35A5486E222CBB290017AA7B /* ConstArray.m in Sources */ = {isa = PBXBuildFile; fileRef = 35A5486D222CBB290017AA7B /* ConstArray.m */; };
		35A54871222CBD100017AA7B /* ConstDictionary.m in Sources */ = {isa = PBXBuildFile; fileRef = 35A54870222CBD100017AA7B /* ConstDictionary.m */; };
		35A54874222CC3AC0017AA7B /* CollectionViewPractice.m in Sources */ = {isa = PBXBuildFile; fileRef = 35A54873222CC3AC0017AA7B /* CollectionViewPractice.m */; };
		35A5487F222D03C70017AA7B /* XZCornerRadius.m in Sources */ = {isa = PBXBuildFile; fileRef = 35A5487E222D03C70017AA7B /* XZCornerRadius.m */; };
		35A54882222D0B130017AA7B /* MainPage+OtherFunction.m in Sources */ = {isa = PBXBuildFile; fileRef = 35A54881222D0B130017AA7B /* MainPage+OtherFunction.m */; };
		35A54888222D2C990017AA7B /* TestDemo.m in Sources */ = {isa = PBXBuildFile; fileRef = 35A54887222D2C990017AA7B /* TestDemo.m */; };
		35A5488E222E5A4D0017AA7B /* person.plist in Resources */ = {isa = PBXBuildFile; fileRef = 35A5488D222E5A4D0017AA7B /* person.plist */; };
		35A54891222E5A650017AA7B /* PersonModel.m in Sources */ = {isa = PBXBuildFile; fileRef = 35A54890222E5A650017AA7B /* PersonModel.m */; };
		35A54895222E7C970017AA7B /* XMG_MainView.m in Sources */ = {isa = PBXBuildFile; fileRef = 35A54894222E7C970017AA7B /* XMG_MainView.m */; };
		35A54899222E7D120017AA7B /* BasicViewController.m in Sources */ = {isa = PBXBuildFile; fileRef = 35A54898222E7D120017AA7B /* BasicViewController.m */; };
		35A548A0222F5AF60017AA7B /* MainPageModel.m in Sources */ = {isa = PBXBuildFile; fileRef = 35A5489F222F5AF60017AA7B /* MainPageModel.m */; };
		35A548A4222F63E00017AA7B /* TransDict.m in Sources */ = {isa = PBXBuildFile; fileRef = 35A548A3222F63E00017AA7B /* TransDict.m */; };
		35A548A7222F64A60017AA7B /* Person.m in Sources */ = {isa = PBXBuildFile; fileRef = 35A548A6222F64A60017AA7B /* Person.m */; };
		35A548AA222F64B10017AA7B /* Dog.m in Sources */ = {isa = PBXBuildFile; fileRef = 35A548A9222F64B10017AA7B /* Dog.m */; };
		35A548AD222F6CE80017AA7B /* Cat.m in Sources */ = {isa = PBXBuildFile; fileRef = 35A548AC222F6CE80017AA7B /* Cat.m */; };
		35A548B1222F787A0017AA7B /* UIBasic.m in Sources */ = {isa = PBXBuildFile; fileRef = 35A548B0222F787A0017AA7B /* UIBasic.m */; };
		35A548B52230A8AC0017AA7B /* TransValue.m in Sources */ = {isa = PBXBuildFile; fileRef = 35A548B42230A8AC0017AA7B /* TransValue.m */; };
		35A548B82230AA470017AA7B /* TransValueNext.m in Sources */ = {isa = PBXBuildFile; fileRef = 35A548B72230AA470017AA7B /* TransValueNext.m */; };
		35A548BE2230B8E10017AA7B /* SandBox.m in Sources */ = {isa = PBXBuildFile; fileRef = 35A548BD2230B8E10017AA7B /* SandBox.m */; };
		35A548C32230C15F0017AA7B /* CustomerButton.m in Sources */ = {isa = PBXBuildFile; fileRef = 35A548C22230C15F0017AA7B /* CustomerButton.m */; };
		35A548C72230D9240017AA7B /* NaviDemo.m in Sources */ = {isa = PBXBuildFile; fileRef = 35A548C62230D9240017AA7B /* NaviDemo.m */; };
		35A548CB2230DB050017AA7B /* KutilManager.m in Sources */ = {isa = PBXBuildFile; fileRef = 35A548CA2230DB050017AA7B /* KutilManager.m */; };
		35A548CE2230EAF20017AA7B /* UINavigationBar+transBar.m in Sources */ = {isa = PBXBuildFile; fileRef = 35A548CD2230EAF20017AA7B /* UINavigationBar+transBar.m */; };
		35A548D22231098D0017AA7B /* TransForm.m in Sources */ = {isa = PBXBuildFile; fileRef = 35A548D12231098D0017AA7B /* TransForm.m */; };
		35A548D6223112FD0017AA7B /* Gesture.m in Sources */ = {isa = PBXBuildFile; fileRef = 35A548D5223112FD0017AA7B /* Gesture.m */; };
		35A548DC223113FF0017AA7B /* RedView.m in Sources */ = {isa = PBXBuildFile; fileRef = 35A548DB223113FF0017AA7B /* RedView.m */; };
		35A548DE2231F39E0017AA7B /* podfile in Resources */ = {isa = PBXBuildFile; fileRef = 35A548DD2231F39E0017AA7B /* podfile */; };
		35A548E2223235270017AA7B /* DrawController.m in Sources */ = {isa = PBXBuildFile; fileRef = 35A548E1223235270017AA7B /* DrawController.m */; };
		35A548E5223254340017AA7B /* TestDrawController.m in Sources */ = {isa = PBXBuildFile; fileRef = 35A548E4223254340017AA7B /* TestDrawController.m */; };
		35A548E9223256FE0017AA7B /* Quartz2D.m in Sources */ = {isa = PBXBuildFile; fileRef = 35A548E8223256FE0017AA7B /* Quartz2D.m */; };
		35A548EC2232585F0017AA7B /* XZDrawController.m in Sources */ = {isa = PBXBuildFile; fileRef = 35A548EB2232585F0017AA7B /* XZDrawController.m */; };
		35A548EF223262BC0017AA7B /* QuartzView.m in Sources */ = {isa = PBXBuildFile; fileRef = 35A548EE223262BC0017AA7B /* QuartzView.m */; };
		35A548F22233B8DD0017AA7B /* PictureView.m in Sources */ = {isa = PBXBuildFile; fileRef = 35A548F12233B8DD0017AA7B /* PictureView.m */; };
		35A548F82234B67F0017AA7B /* DrawPictureAndText.m in Sources */ = {isa = PBXBuildFile; fileRef = 35A548F72234B67F0017AA7B /* DrawPictureAndText.m */; };
		35A548FF2234F9730017AA7B /* GestureLock.m in Sources */ = {isa = PBXBuildFile; fileRef = 35A548FD2234F9720017AA7B /* GestureLock.m */; };
		35A549022234FA0A0017AA7B /* LockView.m in Sources */ = {isa = PBXBuildFile; fileRef = 35A549012234FA0A0017AA7B /* LockView.m */; };
		35A549082234FC1F0017AA7B /* BgView.m in Sources */ = {isa = PBXBuildFile; fileRef = 35A549072234FC1F0017AA7B /* BgView.m */; };
		35A5490C223518E80017AA7B /* CAAnimationController.m in Sources */ = {isa = PBXBuildFile; fileRef = 35A5490B223518E80017AA7B /* CAAnimationController.m */; };
		35A5490F223601AA0017AA7B /* RotationController.m in Sources */ = {isa = PBXBuildFile; fileRef = 35A5490E223601AA0017AA7B /* RotationController.m */; };
		35A54911223602720017AA7B /* Rotation.storyboard in Resources */ = {isa = PBXBuildFile; fileRef = 35A54910223602720017AA7B /* Rotation.storyboard */; };
		35A54913223608F90017AA7B /* WheelView.xib in Resources */ = {isa = PBXBuildFile; fileRef = 35A54912223608F90017AA7B /* WheelView.xib */; };
		35A54916223632BC0017AA7B /* WheelView.m in Sources */ = {isa = PBXBuildFile; fileRef = 35A54915223632BC0017AA7B /* WheelView.m */; };
		35A54919223659BF0017AA7B /* CustomButton.m in Sources */ = {isa = PBXBuildFile; fileRef = 35A54918223659BF0017AA7B /* CustomButton.m */; };
		35E9C5FE2237878A006C7649 /* UIView+frame.m in Sources */ = {isa = PBXBuildFile; fileRef = 35E9C5FD2237878A006C7649 /* UIView+frame.m */; };
		35E9C60522378E2E006C7649 /* XZ_RootTool.m in Sources */ = {isa = PBXBuildFile; fileRef = 35E9C60422378E2E006C7649 /* XZ_RootTool.m */; };
		35E9C60822378F8D006C7649 /* XZ_SaveTool.m in Sources */ = {isa = PBXBuildFile; fileRef = 35E9C60722378F8D006C7649 /* XZ_SaveTool.m */; };
		35E9C60C22379705006C7649 /* UIColor+Category.m in Sources */ = {isa = PBXBuildFile; fileRef = 35E9C60B22379705006C7649 /* UIColor+Category.m */; };
		35E9C6102237B25C006C7649 /* GCD_Controller.m in Sources */ = {isa = PBXBuildFile; fileRef = 35E9C60F2237B25C006C7649 /* GCD_Controller.m */; };
		35E9C6932239FDD0006C7649 /* ImageShowDemo.m in Sources */ = {isa = PBXBuildFile; fileRef = 35E9C6922239FDD0006C7649 /* ImageShowDemo.m */; };
		35E9C6962239FDF7006C7649 /* ImageLayout.m in Sources */ = {isa = PBXBuildFile; fileRef = 35E9C6952239FDF7006C7649 /* ImageLayout.m */; };
		35E9C69D223A029B006C7649 /* CollectionImageCell.m in Sources */ = {isa = PBXBuildFile; fileRef = 35E9C69B223A029B006C7649 /* CollectionImageCell.m */; };
		35E9C69E223A029B006C7649 /* CollectionImageCell.xib in Resources */ = {isa = PBXBuildFile; fileRef = 35E9C69C223A029B006C7649 /* CollectionImageCell.xib */; };
		35E9C6A1223A34CA006C7649 /* EWWaterFallLayout.m in Sources */ = {isa = PBXBuildFile; fileRef = 35E9C69F223A34C9006C7649 /* EWWaterFallLayout.m */; };
		35E9C6A4223A35C5006C7649 /* WaterFall.m in Sources */ = {isa = PBXBuildFile; fileRef = 35E9C6A3223A35C5006C7649 /* WaterFall.m */; };
		35E9C6A6223A479E006C7649 /* shop.plist in Resources */ = {isa = PBXBuildFile; fileRef = 35E9C6A5223A479D006C7649 /* shop.plist */; };
		35E9C6A9223A47FF006C7649 /* ImageModel.m in Sources */ = {isa = PBXBuildFile; fileRef = 35E9C6A8223A47FF006C7649 /* ImageModel.m */; };
		B0A632975F0F80770F8AF699 /* libPods-DemoPractice.a in Frameworks */ = {isa = PBXBuildFile; fileRef = 4399237CE485CF4AAAD4920C /* libPods-DemoPractice.a */; };
/* End PBXBuildFile section */

/* Begin PBXContainerItemProxy section */
		35A54845222CB0E40017AA7B /* PBXContainerItemProxy */ = {
			isa = PBXContainerItemProxy;
			containerPortal = 35A54824222CB0E20017AA7B /* Project object */;
			proxyType = 1;
			remoteGlobalIDString = 35A5482B222CB0E20017AA7B;
			remoteInfo = DemoPractice;
		};
		35A54850222CB0E40017AA7B /* PBXContainerItemProxy */ = {
			isa = PBXContainerItemProxy;
			containerPortal = 35A54824222CB0E20017AA7B /* Project object */;
			proxyType = 1;
			remoteGlobalIDString = 35A5482B222CB0E20017AA7B;
			remoteInfo = DemoPractice;
		};
/* End PBXContainerItemProxy section */

/* Begin PBXFileReference section */
		3514929C223150A900D32546 /* CartCell.h */ = {isa = PBXFileReference; lastKnownFileType = sourcecode.c.h; path = CartCell.h; sourceTree = "<group>"; };
		3514929D223150A900D32546 /* CartCell.m */ = {isa = PBXFileReference; lastKnownFileType = sourcecode.c.objc; path = CartCell.m; sourceTree = "<group>"; };
		3514929E223150A900D32546 /* CartCell.xib */ = {isa = PBXFileReference; lastKnownFileType = file.xib; path = CartCell.xib; sourceTree = "<group>"; };
		351492A122315D4C00D32546 /* WineModel.h */ = {isa = PBXFileReference; lastKnownFileType = sourcecode.c.h; path = WineModel.h; sourceTree = "<group>"; };
		351492A222315D4C00D32546 /* WineModel.m */ = {isa = PBXFileReference; lastKnownFileType = sourcecode.c.objc; path = WineModel.m; sourceTree = "<group>"; };
		355AADAC22314A8C00DAC3DC /* ShoppingCart.h */ = {isa = PBXFileReference; lastKnownFileType = sourcecode.c.h; path = ShoppingCart.h; sourceTree = "<group>"; };
		355AADAD22314A8C00DAC3DC /* ShoppingCart.m */ = {isa = PBXFileReference; lastKnownFileType = sourcecode.c.objc; path = ShoppingCart.m; sourceTree = "<group>"; };
		35A5482C222CB0E20017AA7B /* DemoPractice.app */ = {isa = PBXFileReference; explicitFileType = wrapper.application; includeInIndex = 0; path = DemoPractice.app; sourceTree = BUILT_PRODUCTS_DIR; };
		35A5482F222CB0E30017AA7B /* AppDelegate.h */ = {isa = PBXFileReference; lastKnownFileType = sourcecode.c.h; path = AppDelegate.h; sourceTree = "<group>"; };
		35A54830222CB0E30017AA7B /* AppDelegate.m */ = {isa = PBXFileReference; lastKnownFileType = sourcecode.c.objc; path = AppDelegate.m; sourceTree = "<group>"; };
		35A54836222CB0E30017AA7B /* Base */ = {isa = PBXFileReference; lastKnownFileType = file.storyboard; name = Base; path = Base.lproj/Main.storyboard; sourceTree = "<group>"; };
		35A54838222CB0E40017AA7B /* Assets.xcassets */ = {isa = PBXFileReference; lastKnownFileType = folder.assetcatalog; path = Assets.xcassets; sourceTree = "<group>"; };
		35A5483B222CB0E40017AA7B /* Base */ = {isa = PBXFileReference; lastKnownFileType = file.storyboard; name = Base; path = Base.lproj/LaunchScreen.storyboard; sourceTree = "<group>"; };
		35A5483D222CB0E40017AA7B /* Info.plist */ = {isa = PBXFileReference; lastKnownFileType = text.plist.xml; path = Info.plist; sourceTree = "<group>"; };
		35A5483E222CB0E40017AA7B /* main.m */ = {isa = PBXFileReference; lastKnownFileType = sourcecode.c.objc; path = main.m; sourceTree = "<group>"; };
		35A54844222CB0E40017AA7B /* DemoPracticeTests.xctest */ = {isa = PBXFileReference; explicitFileType = wrapper.cfbundle; includeInIndex = 0; path = DemoPracticeTests.xctest; sourceTree = BUILT_PRODUCTS_DIR; };
		35A54848222CB0E40017AA7B /* DemoPracticeTests.m */ = {isa = PBXFileReference; lastKnownFileType = sourcecode.c.objc; path = DemoPracticeTests.m; sourceTree = "<group>"; };
		35A5484A222CB0E40017AA7B /* Info.plist */ = {isa = PBXFileReference; lastKnownFileType = text.plist.xml; path = Info.plist; sourceTree = "<group>"; };
		35A5484F222CB0E40017AA7B /* DemoPracticeUITests.xctest */ = {isa = PBXFileReference; explicitFileType = wrapper.cfbundle; includeInIndex = 0; path = DemoPracticeUITests.xctest; sourceTree = BUILT_PRODUCTS_DIR; };
		35A54853222CB0E40017AA7B /* DemoPracticeUITests.m */ = {isa = PBXFileReference; lastKnownFileType = sourcecode.c.objc; path = DemoPracticeUITests.m; sourceTree = "<group>"; };
		35A54855222CB0E40017AA7B /* Info.plist */ = {isa = PBXFileReference; lastKnownFileType = text.plist.xml; path = Info.plist; sourceTree = "<group>"; };
		35A54861222CB18F0017AA7B /* MainPage.h */ = {isa = PBXFileReference; lastKnownFileType = sourcecode.c.h; path = MainPage.h; sourceTree = "<group>"; };
		35A54862222CB18F0017AA7B /* MainPage.m */ = {isa = PBXFileReference; lastKnownFileType = sourcecode.c.objc; path = MainPage.m; sourceTree = "<group>"; };
		35A54864222CB2490017AA7B /* PrefixHeader.pch */ = {isa = PBXFileReference; lastKnownFileType = sourcecode.c.h; path = PrefixHeader.pch; sourceTree = "<group>"; };
		35A54865222CB2580017AA7B /* Marco.h */ = {isa = PBXFileReference; lastKnownFileType = sourcecode.c.h; path = Marco.h; sourceTree = "<group>"; };
		35A5486C222CBB290017AA7B /* ConstArray.h */ = {isa = PBXFileReference; lastKnownFileType = sourcecode.c.h; path = ConstArray.h; sourceTree = "<group>"; };
		35A5486D222CBB290017AA7B /* ConstArray.m */ = {isa = PBXFileReference; lastKnownFileType = sourcecode.c.objc; path = ConstArray.m; sourceTree = "<group>"; };
		35A5486F222CBD100017AA7B /* ConstDictionary.h */ = {isa = PBXFileReference; lastKnownFileType = sourcecode.c.h; path = ConstDictionary.h; sourceTree = "<group>"; };
		35A54870222CBD100017AA7B /* ConstDictionary.m */ = {isa = PBXFileReference; lastKnownFileType = sourcecode.c.objc; path = ConstDictionary.m; sourceTree = "<group>"; };
		35A54872222CC3AC0017AA7B /* CollectionViewPractice.h */ = {isa = PBXFileReference; lastKnownFileType = sourcecode.c.h; path = CollectionViewPractice.h; sourceTree = "<group>"; };
		35A54873222CC3AC0017AA7B /* CollectionViewPractice.m */ = {isa = PBXFileReference; lastKnownFileType = sourcecode.c.objc; path = CollectionViewPractice.m; sourceTree = "<group>"; };
		35A5487D222D03C70017AA7B /* XZCornerRadius.h */ = {isa = PBXFileReference; lastKnownFileType = sourcecode.c.h; path = XZCornerRadius.h; sourceTree = "<group>"; };
		35A5487E222D03C70017AA7B /* XZCornerRadius.m */ = {isa = PBXFileReference; lastKnownFileType = sourcecode.c.objc; path = XZCornerRadius.m; sourceTree = "<group>"; };
		35A54880222D0B130017AA7B /* MainPage+OtherFunction.h */ = {isa = PBXFileReference; lastKnownFileType = sourcecode.c.h; path = "MainPage+OtherFunction.h"; sourceTree = "<group>"; };
		35A54881222D0B130017AA7B /* MainPage+OtherFunction.m */ = {isa = PBXFileReference; lastKnownFileType = sourcecode.c.objc; path = "MainPage+OtherFunction.m"; sourceTree = "<group>"; };
		35A54886222D2C990017AA7B /* TestDemo.h */ = {isa = PBXFileReference; lastKnownFileType = sourcecode.c.h; path = TestDemo.h; sourceTree = "<group>"; };
		35A54887222D2C990017AA7B /* TestDemo.m */ = {isa = PBXFileReference; lastKnownFileType = sourcecode.c.objc; path = TestDemo.m; sourceTree = "<group>"; };
		35A5488D222E5A4D0017AA7B /* person.plist */ = {isa = PBXFileReference; fileEncoding = 4; lastKnownFileType = text.plist.xml; path = person.plist; sourceTree = "<group>"; };
		35A5488F222E5A650017AA7B /* PersonModel.h */ = {isa = PBXFileReference; lastKnownFileType = sourcecode.c.h; path = PersonModel.h; sourceTree = "<group>"; };
		35A54890222E5A650017AA7B /* PersonModel.m */ = {isa = PBXFileReference; lastKnownFileType = sourcecode.c.objc; path = PersonModel.m; sourceTree = "<group>"; };
		35A54893222E7C970017AA7B /* XMG_MainView.h */ = {isa = PBXFileReference; lastKnownFileType = sourcecode.c.h; path = XMG_MainView.h; sourceTree = "<group>"; };
		35A54894222E7C970017AA7B /* XMG_MainView.m */ = {isa = PBXFileReference; lastKnownFileType = sourcecode.c.objc; path = XMG_MainView.m; sourceTree = "<group>"; };
		35A54897222E7D120017AA7B /* BasicViewController.h */ = {isa = PBXFileReference; lastKnownFileType = sourcecode.c.h; path = BasicViewController.h; sourceTree = "<group>"; };
		35A54898222E7D120017AA7B /* BasicViewController.m */ = {isa = PBXFileReference; lastKnownFileType = sourcecode.c.objc; path = BasicViewController.m; sourceTree = "<group>"; };
		35A5489E222F5AF60017AA7B /* MainPageModel.h */ = {isa = PBXFileReference; lastKnownFileType = sourcecode.c.h; path = MainPageModel.h; sourceTree = "<group>"; };
		35A5489F222F5AF60017AA7B /* MainPageModel.m */ = {isa = PBXFileReference; lastKnownFileType = sourcecode.c.objc; path = MainPageModel.m; sourceTree = "<group>"; };
		35A548A2222F63E00017AA7B /* TransDict.h */ = {isa = PBXFileReference; lastKnownFileType = sourcecode.c.h; path = TransDict.h; sourceTree = "<group>"; };
		35A548A3222F63E00017AA7B /* TransDict.m */ = {isa = PBXFileReference; lastKnownFileType = sourcecode.c.objc; path = TransDict.m; sourceTree = "<group>"; };
		35A548A5222F64A60017AA7B /* Person.h */ = {isa = PBXFileReference; lastKnownFileType = sourcecode.c.h; path = Person.h; sourceTree = "<group>"; };
		35A548A6222F64A60017AA7B /* Person.m */ = {isa = PBXFileReference; lastKnownFileType = sourcecode.c.objc; path = Person.m; sourceTree = "<group>"; };
		35A548A8222F64B10017AA7B /* Dog.h */ = {isa = PBXFileReference; lastKnownFileType = sourcecode.c.h; path = Dog.h; sourceTree = "<group>"; };
		35A548A9222F64B10017AA7B /* Dog.m */ = {isa = PBXFileReference; lastKnownFileType = sourcecode.c.objc; path = Dog.m; sourceTree = "<group>"; };
		35A548AB222F6CE80017AA7B /* Cat.h */ = {isa = PBXFileReference; lastKnownFileType = sourcecode.c.h; path = Cat.h; sourceTree = "<group>"; };
		35A548AC222F6CE80017AA7B /* Cat.m */ = {isa = PBXFileReference; lastKnownFileType = sourcecode.c.objc; path = Cat.m; sourceTree = "<group>"; };
		35A548AF222F787A0017AA7B /* UIBasic.h */ = {isa = PBXFileReference; lastKnownFileType = sourcecode.c.h; path = UIBasic.h; sourceTree = "<group>"; };
		35A548B0222F787A0017AA7B /* UIBasic.m */ = {isa = PBXFileReference; lastKnownFileType = sourcecode.c.objc; path = UIBasic.m; sourceTree = "<group>"; };
		35A548B32230A8AC0017AA7B /* TransValue.h */ = {isa = PBXFileReference; lastKnownFileType = sourcecode.c.h; path = TransValue.h; sourceTree = "<group>"; };
		35A548B42230A8AC0017AA7B /* TransValue.m */ = {isa = PBXFileReference; lastKnownFileType = sourcecode.c.objc; path = TransValue.m; sourceTree = "<group>"; };
		35A548B62230AA470017AA7B /* TransValueNext.h */ = {isa = PBXFileReference; lastKnownFileType = sourcecode.c.h; path = TransValueNext.h; sourceTree = "<group>"; };
		35A548B72230AA470017AA7B /* TransValueNext.m */ = {isa = PBXFileReference; lastKnownFileType = sourcecode.c.objc; path = TransValueNext.m; sourceTree = "<group>"; };
		35A548BC2230B8E10017AA7B /* SandBox.h */ = {isa = PBXFileReference; lastKnownFileType = sourcecode.c.h; path = SandBox.h; sourceTree = "<group>"; };
		35A548BD2230B8E10017AA7B /* SandBox.m */ = {isa = PBXFileReference; lastKnownFileType = sourcecode.c.objc; path = SandBox.m; sourceTree = "<group>"; };
		35A548C12230C15F0017AA7B /* CustomerButton.h */ = {isa = PBXFileReference; lastKnownFileType = sourcecode.c.h; path = CustomerButton.h; sourceTree = "<group>"; };
		35A548C22230C15F0017AA7B /* CustomerButton.m */ = {isa = PBXFileReference; lastKnownFileType = sourcecode.c.objc; path = CustomerButton.m; sourceTree = "<group>"; };
		35A548C52230D9240017AA7B /* NaviDemo.h */ = {isa = PBXFileReference; lastKnownFileType = sourcecode.c.h; path = NaviDemo.h; sourceTree = "<group>"; };
		35A548C62230D9240017AA7B /* NaviDemo.m */ = {isa = PBXFileReference; lastKnownFileType = sourcecode.c.objc; path = NaviDemo.m; sourceTree = "<group>"; };
		35A548C92230DB050017AA7B /* KutilManager.h */ = {isa = PBXFileReference; lastKnownFileType = sourcecode.c.h; path = KutilManager.h; sourceTree = "<group>"; };
		35A548CA2230DB050017AA7B /* KutilManager.m */ = {isa = PBXFileReference; lastKnownFileType = sourcecode.c.objc; path = KutilManager.m; sourceTree = "<group>"; };
		35A548CC2230EAF20017AA7B /* UINavigationBar+transBar.h */ = {isa = PBXFileReference; lastKnownFileType = sourcecode.c.h; path = "UINavigationBar+transBar.h"; sourceTree = "<group>"; };
		35A548CD2230EAF20017AA7B /* UINavigationBar+transBar.m */ = {isa = PBXFileReference; lastKnownFileType = sourcecode.c.objc; path = "UINavigationBar+transBar.m"; sourceTree = "<group>"; };
		35A548D02231098D0017AA7B /* TransForm.h */ = {isa = PBXFileReference; lastKnownFileType = sourcecode.c.h; path = TransForm.h; sourceTree = "<group>"; };
		35A548D12231098D0017AA7B /* TransForm.m */ = {isa = PBXFileReference; lastKnownFileType = sourcecode.c.objc; path = TransForm.m; sourceTree = "<group>"; };
		35A548D4223112FD0017AA7B /* Gesture.h */ = {isa = PBXFileReference; lastKnownFileType = sourcecode.c.h; path = Gesture.h; sourceTree = "<group>"; };
		35A548D5223112FD0017AA7B /* Gesture.m */ = {isa = PBXFileReference; lastKnownFileType = sourcecode.c.objc; path = Gesture.m; sourceTree = "<group>"; };
		35A548DA223113FF0017AA7B /* RedView.h */ = {isa = PBXFileReference; lastKnownFileType = sourcecode.c.h; path = RedView.h; sourceTree = "<group>"; };
		35A548DB223113FF0017AA7B /* RedView.m */ = {isa = PBXFileReference; lastKnownFileType = sourcecode.c.objc; path = RedView.m; sourceTree = "<group>"; };
		35A548DD2231F39E0017AA7B /* podfile */ = {isa = PBXFileReference; fileEncoding = 4; lastKnownFileType = text; path = podfile; sourceTree = SOURCE_ROOT; xcLanguageSpecificationIdentifier = xcode.lang.ruby; };
		35A548E0223235270017AA7B /* DrawController.h */ = {isa = PBXFileReference; lastKnownFileType = sourcecode.c.h; path = DrawController.h; sourceTree = "<group>"; };
		35A548E1223235270017AA7B /* DrawController.m */ = {isa = PBXFileReference; lastKnownFileType = sourcecode.c.objc; path = DrawController.m; sourceTree = "<group>"; };
		35A548E3223254340017AA7B /* TestDrawController.h */ = {isa = PBXFileReference; lastKnownFileType = sourcecode.c.h; path = TestDrawController.h; sourceTree = "<group>"; };
		35A548E4223254340017AA7B /* TestDrawController.m */ = {isa = PBXFileReference; lastKnownFileType = sourcecode.c.objc; path = TestDrawController.m; sourceTree = "<group>"; };
		35A548E7223256FE0017AA7B /* Quartz2D.h */ = {isa = PBXFileReference; lastKnownFileType = sourcecode.c.h; path = Quartz2D.h; sourceTree = "<group>"; };
		35A548E8223256FE0017AA7B /* Quartz2D.m */ = {isa = PBXFileReference; lastKnownFileType = sourcecode.c.objc; path = Quartz2D.m; sourceTree = "<group>"; };
		35A548EA2232585F0017AA7B /* XZDrawController.h */ = {isa = PBXFileReference; lastKnownFileType = sourcecode.c.h; path = XZDrawController.h; sourceTree = "<group>"; };
		35A548EB2232585F0017AA7B /* XZDrawController.m */ = {isa = PBXFileReference; lastKnownFileType = sourcecode.c.objc; path = XZDrawController.m; sourceTree = "<group>"; };
		35A548ED223262BC0017AA7B /* QuartzView.h */ = {isa = PBXFileReference; lastKnownFileType = sourcecode.c.h; path = QuartzView.h; sourceTree = "<group>"; };
		35A548EE223262BC0017AA7B /* QuartzView.m */ = {isa = PBXFileReference; lastKnownFileType = sourcecode.c.objc; path = QuartzView.m; sourceTree = "<group>"; };
		35A548F02233B8DD0017AA7B /* PictureView.h */ = {isa = PBXFileReference; lastKnownFileType = sourcecode.c.h; path = PictureView.h; sourceTree = "<group>"; };
		35A548F12233B8DD0017AA7B /* PictureView.m */ = {isa = PBXFileReference; lastKnownFileType = sourcecode.c.objc; path = PictureView.m; sourceTree = "<group>"; };
		35A548F62234B67F0017AA7B /* DrawPictureAndText.h */ = {isa = PBXFileReference; lastKnownFileType = sourcecode.c.h; path = DrawPictureAndText.h; sourceTree = "<group>"; };
		35A548F72234B67F0017AA7B /* DrawPictureAndText.m */ = {isa = PBXFileReference; lastKnownFileType = sourcecode.c.objc; path = DrawPictureAndText.m; sourceTree = "<group>"; };
		35A548FD2234F9720017AA7B /* GestureLock.m */ = {isa = PBXFileReference; fileEncoding = 4; lastKnownFileType = sourcecode.c.objc; path = GestureLock.m; sourceTree = "<group>"; };
		35A548FE2234F9720017AA7B /* GestureLock.h */ = {isa = PBXFileReference; fileEncoding = 4; lastKnownFileType = sourcecode.c.h; path = GestureLock.h; sourceTree = "<group>"; };
		35A549002234FA0A0017AA7B /* LockView.h */ = {isa = PBXFileReference; lastKnownFileType = sourcecode.c.h; path = LockView.h; sourceTree = "<group>"; };
		35A549012234FA0A0017AA7B /* LockView.m */ = {isa = PBXFileReference; lastKnownFileType = sourcecode.c.objc; path = LockView.m; sourceTree = "<group>"; };
		35A549062234FC1F0017AA7B /* BgView.h */ = {isa = PBXFileReference; lastKnownFileType = sourcecode.c.h; path = BgView.h; sourceTree = "<group>"; };
		35A549072234FC1F0017AA7B /* BgView.m */ = {isa = PBXFileReference; lastKnownFileType = sourcecode.c.objc; path = BgView.m; sourceTree = "<group>"; };
		35A5490A223518E80017AA7B /* CAAnimationController.h */ = {isa = PBXFileReference; lastKnownFileType = sourcecode.c.h; path = CAAnimationController.h; sourceTree = "<group>"; };
		35A5490B223518E80017AA7B /* CAAnimationController.m */ = {isa = PBXFileReference; lastKnownFileType = sourcecode.c.objc; path = CAAnimationController.m; sourceTree = "<group>"; };
		35A5490D223601AA0017AA7B /* RotationController.h */ = {isa = PBXFileReference; lastKnownFileType = sourcecode.c.h; path = RotationController.h; sourceTree = "<group>"; };
		35A5490E223601AA0017AA7B /* RotationController.m */ = {isa = PBXFileReference; lastKnownFileType = sourcecode.c.objc; path = RotationController.m; sourceTree = "<group>"; };
		35A54910223602720017AA7B /* Rotation.storyboard */ = {isa = PBXFileReference; lastKnownFileType = file.storyboard; path = Rotation.storyboard; sourceTree = "<group>"; };
		35A54912223608F90017AA7B /* WheelView.xib */ = {isa = PBXFileReference; lastKnownFileType = file.xib; path = WheelView.xib; sourceTree = "<group>"; };
		35A54914223632BC0017AA7B /* WheelView.h */ = {isa = PBXFileReference; lastKnownFileType = sourcecode.c.h; path = WheelView.h; sourceTree = "<group>"; };
		35A54915223632BC0017AA7B /* WheelView.m */ = {isa = PBXFileReference; lastKnownFileType = sourcecode.c.objc; path = WheelView.m; sourceTree = "<group>"; };
		35A54917223659BF0017AA7B /* CustomButton.h */ = {isa = PBXFileReference; lastKnownFileType = sourcecode.c.h; path = CustomButton.h; sourceTree = "<group>"; };
		35A54918223659BF0017AA7B /* CustomButton.m */ = {isa = PBXFileReference; lastKnownFileType = sourcecode.c.objc; path = CustomButton.m; sourceTree = "<group>"; };
		35E9C5FC2237878A006C7649 /* UIView+frame.h */ = {isa = PBXFileReference; lastKnownFileType = sourcecode.c.h; path = "UIView+frame.h"; sourceTree = "<group>"; };
		35E9C5FD2237878A006C7649 /* UIView+frame.m */ = {isa = PBXFileReference; lastKnownFileType = sourcecode.c.objc; path = "UIView+frame.m"; sourceTree = "<group>"; };
		35E9C60322378E2E006C7649 /* XZ_RootTool.h */ = {isa = PBXFileReference; lastKnownFileType = sourcecode.c.h; path = XZ_RootTool.h; sourceTree = "<group>"; };
		35E9C60422378E2E006C7649 /* XZ_RootTool.m */ = {isa = PBXFileReference; lastKnownFileType = sourcecode.c.objc; path = XZ_RootTool.m; sourceTree = "<group>"; };
		35E9C60622378F8D006C7649 /* XZ_SaveTool.h */ = {isa = PBXFileReference; lastKnownFileType = sourcecode.c.h; path = XZ_SaveTool.h; sourceTree = "<group>"; };
		35E9C60722378F8D006C7649 /* XZ_SaveTool.m */ = {isa = PBXFileReference; lastKnownFileType = sourcecode.c.objc; path = XZ_SaveTool.m; sourceTree = "<group>"; };
		35E9C60922379082006C7649 /* XZ_Tools.h */ = {isa = PBXFileReference; lastKnownFileType = sourcecode.c.h; path = XZ_Tools.h; sourceTree = "<group>"; };
		35E9C60A22379705006C7649 /* UIColor+Category.h */ = {isa = PBXFileReference; lastKnownFileType = sourcecode.c.h; path = "UIColor+Category.h"; sourceTree = "<group>"; };
		35E9C60B22379705006C7649 /* UIColor+Category.m */ = {isa = PBXFileReference; lastKnownFileType = sourcecode.c.objc; path = "UIColor+Category.m"; sourceTree = "<group>"; };
		35E9C60E2237B25C006C7649 /* GCD_Controller.h */ = {isa = PBXFileReference; lastKnownFileType = sourcecode.c.h; path = GCD_Controller.h; sourceTree = "<group>"; };
		35E9C60F2237B25C006C7649 /* GCD_Controller.m */ = {isa = PBXFileReference; lastKnownFileType = sourcecode.c.objc; path = GCD_Controller.m; sourceTree = "<group>"; };
		35E9C6912239FDD0006C7649 /* ImageShowDemo.h */ = {isa = PBXFileReference; lastKnownFileType = sourcecode.c.h; path = ImageShowDemo.h; sourceTree = "<group>"; };
		35E9C6922239FDD0006C7649 /* ImageShowDemo.m */ = {isa = PBXFileReference; lastKnownFileType = sourcecode.c.objc; path = ImageShowDemo.m; sourceTree = "<group>"; };
		35E9C6942239FDF7006C7649 /* ImageLayout.h */ = {isa = PBXFileReference; lastKnownFileType = sourcecode.c.h; path = ImageLayout.h; sourceTree = "<group>"; };
		35E9C6952239FDF7006C7649 /* ImageLayout.m */ = {isa = PBXFileReference; lastKnownFileType = sourcecode.c.objc; path = ImageLayout.m; sourceTree = "<group>"; };
		35E9C69A223A029B006C7649 /* CollectionImageCell.h */ = {isa = PBXFileReference; lastKnownFileType = sourcecode.c.h; path = CollectionImageCell.h; sourceTree = "<group>"; };
		35E9C69B223A029B006C7649 /* CollectionImageCell.m */ = {isa = PBXFileReference; lastKnownFileType = sourcecode.c.objc; path = CollectionImageCell.m; sourceTree = "<group>"; };
		35E9C69C223A029B006C7649 /* CollectionImageCell.xib */ = {isa = PBXFileReference; lastKnownFileType = file.xib; path = CollectionImageCell.xib; sourceTree = "<group>"; };
		35E9C69F223A34C9006C7649 /* EWWaterFallLayout.m */ = {isa = PBXFileReference; fileEncoding = 4; lastKnownFileType = sourcecode.c.objc; path = EWWaterFallLayout.m; sourceTree = "<group>"; };
		35E9C6A0223A34C9006C7649 /* EWWaterFallLayout.h */ = {isa = PBXFileReference; fileEncoding = 4; lastKnownFileType = sourcecode.c.h; path = EWWaterFallLayout.h; sourceTree = "<group>"; };
		35E9C6A2223A35C5006C7649 /* WaterFall.h */ = {isa = PBXFileReference; lastKnownFileType = sourcecode.c.h; path = WaterFall.h; sourceTree = "<group>"; };
		35E9C6A3223A35C5006C7649 /* WaterFall.m */ = {isa = PBXFileReference; lastKnownFileType = sourcecode.c.objc; path = WaterFall.m; sourceTree = "<group>"; };
		35E9C6A5223A479D006C7649 /* shop.plist */ = {isa = PBXFileReference; fileEncoding = 4; lastKnownFileType = text.plist.xml; path = shop.plist; sourceTree = "<group>"; };
		35E9C6A7223A47FF006C7649 /* ImageModel.h */ = {isa = PBXFileReference; lastKnownFileType = sourcecode.c.h; path = ImageModel.h; sourceTree = "<group>"; };
		35E9C6A8223A47FF006C7649 /* ImageModel.m */ = {isa = PBXFileReference; lastKnownFileType = sourcecode.c.objc; path = ImageModel.m; sourceTree = "<group>"; };
		3DAA84B20E99A4E9FBF24B78 /* Pods-DemoPractice.debug.xcconfig */ = {isa = PBXFileReference; includeInIndex = 1; lastKnownFileType = text.xcconfig; name = "Pods-DemoPractice.debug.xcconfig"; path = "Pods/Target Support Files/Pods-DemoPractice/Pods-DemoPractice.debug.xcconfig"; sourceTree = "<group>"; };
		4399237CE485CF4AAAD4920C /* libPods-DemoPractice.a */ = {isa = PBXFileReference; explicitFileType = archive.ar; includeInIndex = 0; path = "libPods-DemoPractice.a"; sourceTree = BUILT_PRODUCTS_DIR; };
		656FC2137E3E1919B06EAEE9 /* Pods-DemoPractice.release.xcconfig */ = {isa = PBXFileReference; includeInIndex = 1; lastKnownFileType = text.xcconfig; name = "Pods-DemoPractice.release.xcconfig"; path = "Pods/Target Support Files/Pods-DemoPractice/Pods-DemoPractice.release.xcconfig"; sourceTree = "<group>"; };
/* End PBXFileReference section */

/* Begin PBXFrameworksBuildPhase section */
		35A54829222CB0E20017AA7B /* Frameworks */ = {
			isa = PBXFrameworksBuildPhase;
			buildActionMask = 2147483647;
			files = (
				B0A632975F0F80770F8AF699 /* libPods-DemoPractice.a in Frameworks */,
			);
			runOnlyForDeploymentPostprocessing = 0;
		};
		35A54841222CB0E40017AA7B /* Frameworks */ = {
			isa = PBXFrameworksBuildPhase;
			buildActionMask = 2147483647;
			files = (
			);
			runOnlyForDeploymentPostprocessing = 0;
		};
		35A5484C222CB0E40017AA7B /* Frameworks */ = {
			isa = PBXFrameworksBuildPhase;
			buildActionMask = 2147483647;
			files = (
			);
			runOnlyForDeploymentPostprocessing = 0;
		};
/* End PBXFrameworksBuildPhase section */

/* Begin PBXGroup section */
		233753A70F2261F1C07E5CE7 /* Frameworks */ = {
			isa = PBXGroup;
			children = (
				4399237CE485CF4AAAD4920C /* libPods-DemoPractice.a */,
			);
			name = Frameworks;
			sourceTree = "<group>";
		};
		26A6BBB1FFFE3386078B8365 /* Pods */ = {
			isa = PBXGroup;
			children = (
				3DAA84B20E99A4E9FBF24B78 /* Pods-DemoPractice.debug.xcconfig */,
				656FC2137E3E1919B06EAEE9 /* Pods-DemoPractice.release.xcconfig */,
			);
			name = Pods;
			sourceTree = "<group>";
		};
		355AADA822314A5C00DAC3DC /* TableView */ = {
			isa = PBXGroup;
			children = (
				355AADAC22314A8C00DAC3DC /* ShoppingCart.h */,
				355AADAD22314A8C00DAC3DC /* ShoppingCart.m */,
				3514929C223150A900D32546 /* CartCell.h */,
				3514929D223150A900D32546 /* CartCell.m */,
				3514929E223150A900D32546 /* CartCell.xib */,
				351492A122315D4C00D32546 /* WineModel.h */,
				351492A222315D4C00D32546 /* WineModel.m */,
			);
			path = TableView;
			sourceTree = "<group>";
		};
		35A54823222CB0E20017AA7B = {
			isa = PBXGroup;
			children = (
				35A5482E222CB0E20017AA7B /* DemoPractice */,
				35A54847222CB0E40017AA7B /* DemoPracticeTests */,
				35A54852222CB0E40017AA7B /* DemoPracticeUITests */,
				35A5482D222CB0E20017AA7B /* Products */,
				26A6BBB1FFFE3386078B8365 /* Pods */,
				233753A70F2261F1C07E5CE7 /* Frameworks */,
			);
			sourceTree = "<group>";
		};
		35A5482D222CB0E20017AA7B /* Products */ = {
			isa = PBXGroup;
			children = (
				35A5482C222CB0E20017AA7B /* DemoPractice.app */,
				35A54844222CB0E40017AA7B /* DemoPracticeTests.xctest */,
				35A5484F222CB0E40017AA7B /* DemoPracticeUITests.xctest */,
			);
			name = Products;
			sourceTree = "<group>";
		};
		35A5482E222CB0E20017AA7B /* DemoPractice */ = {
			isa = PBXGroup;
			children = (
				35E9C5FF22378DE1006C7649 /* Tools */,
				35A548C82230DAE80017AA7B /* Util */,
				35A548C02230C1500017AA7B /* CustomerUI */,
				35A548BF2230C0FD0017AA7B /* Category */,
				35A5489A222F57850017AA7B /* Model */,
				35A54896222E7D040017AA7B /* BasicView */,
				35A54892222E7C7F0017AA7B /* XMG_Practices */,
				35A54875222D02990017AA7B /* XZ_CornerRadius */,
				35A5482F222CB0E30017AA7B /* AppDelegate.h */,
				35A54830222CB0E30017AA7B /* AppDelegate.m */,
				35A54861222CB18F0017AA7B /* MainPage.h */,
				35A54862222CB18F0017AA7B /* MainPage.m */,
				35A54886222D2C990017AA7B /* TestDemo.h */,
				35A54887222D2C990017AA7B /* TestDemo.m */,
				35A54872222CC3AC0017AA7B /* CollectionViewPractice.h */,
				35A54873222CC3AC0017AA7B /* CollectionViewPractice.m */,
				35A5486C222CBB290017AA7B /* ConstArray.h */,
				35A5486D222CBB290017AA7B /* ConstArray.m */,
				35A5486F222CBD100017AA7B /* ConstDictionary.h */,
				35A54870222CBD100017AA7B /* ConstDictionary.m */,
				35A54864222CB2490017AA7B /* PrefixHeader.pch */,
				35E9C6A5223A479D006C7649 /* shop.plist */,
				35A54835222CB0E30017AA7B /* Main.storyboard */,
				35A54838222CB0E40017AA7B /* Assets.xcassets */,
				35A5483A222CB0E40017AA7B /* LaunchScreen.storyboard */,
				35A5483D222CB0E40017AA7B /* Info.plist */,
				35A5483E222CB0E40017AA7B /* main.m */,
				35A54880222D0B130017AA7B /* MainPage+OtherFunction.h */,
				35A54881222D0B130017AA7B /* MainPage+OtherFunction.m */,
				35A5488F222E5A650017AA7B /* PersonModel.h */,
				35A54890222E5A650017AA7B /* PersonModel.m */,
				35A548DD2231F39E0017AA7B /* podfile */,
			);
			path = DemoPractice;
			sourceTree = "<group>";
		};
		35A54847222CB0E40017AA7B /* DemoPracticeTests */ = {
			isa = PBXGroup;
			children = (
				35A54848222CB0E40017AA7B /* DemoPracticeTests.m */,
				35A5488D222E5A4D0017AA7B /* person.plist */,
				35A5484A222CB0E40017AA7B /* Info.plist */,
			);
			path = DemoPracticeTests;
			sourceTree = "<group>";
		};
		35A54852222CB0E40017AA7B /* DemoPracticeUITests */ = {
			isa = PBXGroup;
			children = (
				35A54853222CB0E40017AA7B /* DemoPracticeUITests.m */,
				35A54855222CB0E40017AA7B /* Info.plist */,
			);
			path = DemoPracticeUITests;
			sourceTree = "<group>";
		};
		35A54875222D02990017AA7B /* XZ_CornerRadius */ = {
			isa = PBXGroup;
			children = (
				35A5487D222D03C70017AA7B /* XZCornerRadius.h */,
				35A5487E222D03C70017AA7B /* XZCornerRadius.m */,
			);
			path = XZ_CornerRadius;
			sourceTree = "<group>";
		};
		35A54892222E7C7F0017AA7B /* XMG_Practices */ = {
			isa = PBXGroup;
			children = (
				35E9C6902239FDBA006C7649 /* UICollectionView */,
				35E9C60D2237B245006C7649 /* GCD */,
				35A54909223518D90017AA7B /* CAAnimation */,
				35A548E6223256E90017AA7B /* Quartz2D */,
				35A548DF2232351B0017AA7B /* Draw */,
				355AADA822314A5C00DAC3DC /* TableView */,
				35A548D3223112D50017AA7B /* Gesture */,
				35A548CF223109530017AA7B /* Transform */,
				35A548C42230D9190017AA7B /* NaviDemo */,
				35A548BB2230B8D40017AA7B /* Sandbox */,
				35A548B22230A8990017AA7B /* TransValue */,
				35A548AE222F78640017AA7B /* UI */,
				35A548A1222F63C20017AA7B /* DictTransModel */,
				35A54893222E7C970017AA7B /* XMG_MainView.h */,
				35A54894222E7C970017AA7B /* XMG_MainView.m */,
			);
			path = XMG_Practices;
			sourceTree = "<group>";
		};
		35A54896222E7D040017AA7B /* BasicView */ = {
			isa = PBXGroup;
			children = (
				35A54897222E7D120017AA7B /* BasicViewController.h */,
				35A54898222E7D120017AA7B /* BasicViewController.m */,
			);
			path = BasicView;
			sourceTree = "<group>";
		};
		35A5489A222F57850017AA7B /* Model */ = {
			isa = PBXGroup;
			children = (
				35A5489E222F5AF60017AA7B /* MainPageModel.h */,
				35A5489F222F5AF60017AA7B /* MainPageModel.m */,
			);
			path = Model;
			sourceTree = "<group>";
		};
		35A548A1222F63C20017AA7B /* DictTransModel */ = {
			isa = PBXGroup;
			children = (
				35A548A2222F63E00017AA7B /* TransDict.h */,
				35A548A3222F63E00017AA7B /* TransDict.m */,
				35A548A5222F64A60017AA7B /* Person.h */,
				35A548A6222F64A60017AA7B /* Person.m */,
				35A548A8222F64B10017AA7B /* Dog.h */,
				35A548A9222F64B10017AA7B /* Dog.m */,
				35A548AB222F6CE80017AA7B /* Cat.h */,
				35A548AC222F6CE80017AA7B /* Cat.m */,
			);
			path = DictTransModel;
			sourceTree = "<group>";
		};
		35A548AE222F78640017AA7B /* UI */ = {
			isa = PBXGroup;
			children = (
				35A548AF222F787A0017AA7B /* UIBasic.h */,
				35A548B0222F787A0017AA7B /* UIBasic.m */,
			);
			path = UI;
			sourceTree = "<group>";
		};
		35A548B22230A8990017AA7B /* TransValue */ = {
			isa = PBXGroup;
			children = (
				35A548B32230A8AC0017AA7B /* TransValue.h */,
				35A548B42230A8AC0017AA7B /* TransValue.m */,
				35A548B62230AA470017AA7B /* TransValueNext.h */,
				35A548B72230AA470017AA7B /* TransValueNext.m */,
			);
			path = TransValue;
			sourceTree = "<group>";
		};
		35A548BB2230B8D40017AA7B /* Sandbox */ = {
			isa = PBXGroup;
			children = (
				35A548BC2230B8E10017AA7B /* SandBox.h */,
				35A548BD2230B8E10017AA7B /* SandBox.m */,
				35E9C6A7223A47FF006C7649 /* ImageModel.h */,
				35E9C6A8223A47FF006C7649 /* ImageModel.m */,
			);
			path = Sandbox;
			sourceTree = "<group>";
		};
		35A548BF2230C0FD0017AA7B /* Category */ = {
			isa = PBXGroup;
			children = (
				35A548CC2230EAF20017AA7B /* UINavigationBar+transBar.h */,
				35A548CD2230EAF20017AA7B /* UINavigationBar+transBar.m */,
				35E9C5FC2237878A006C7649 /* UIView+frame.h */,
				35E9C5FD2237878A006C7649 /* UIView+frame.m */,
				35E9C60A22379705006C7649 /* UIColor+Category.h */,
				35E9C60B22379705006C7649 /* UIColor+Category.m */,
			);
			path = Category;
			sourceTree = "<group>";
		};
		35A548C02230C1500017AA7B /* CustomerUI */ = {
			isa = PBXGroup;
			children = (
				35A548C12230C15F0017AA7B /* CustomerButton.h */,
				35A548C22230C15F0017AA7B /* CustomerButton.m */,
			);
			path = CustomerUI;
			sourceTree = "<group>";
		};
		35A548C42230D9190017AA7B /* NaviDemo */ = {
			isa = PBXGroup;
			children = (
				35A548C52230D9240017AA7B /* NaviDemo.h */,
				35A548C62230D9240017AA7B /* NaviDemo.m */,
			);
			path = NaviDemo;
			sourceTree = "<group>";
		};
		35A548C82230DAE80017AA7B /* Util */ = {
			isa = PBXGroup;
			children = (
				35A548C92230DB050017AA7B /* KutilManager.h */,
				35A548CA2230DB050017AA7B /* KutilManager.m */,
			);
			path = Util;
			sourceTree = "<group>";
		};
		35A548CF223109530017AA7B /* Transform */ = {
			isa = PBXGroup;
			children = (
				35A548D02231098D0017AA7B /* TransForm.h */,
				35A548D12231098D0017AA7B /* TransForm.m */,
			);
			path = Transform;
			sourceTree = "<group>";
		};
		35A548D3223112D50017AA7B /* Gesture */ = {
			isa = PBXGroup;
			children = (
				35A548D4223112FD0017AA7B /* Gesture.h */,
				35A548D5223112FD0017AA7B /* Gesture.m */,
				35A548DA223113FF0017AA7B /* RedView.h */,
				35A548DB223113FF0017AA7B /* RedView.m */,
			);
			path = Gesture;
			sourceTree = "<group>";
		};
		35A548DF2232351B0017AA7B /* Draw */ = {
			isa = PBXGroup;
			children = (
				35A548E0223235270017AA7B /* DrawController.h */,
				35A548E1223235270017AA7B /* DrawController.m */,
				35A548EA2232585F0017AA7B /* XZDrawController.h */,
				35A548EB2232585F0017AA7B /* XZDrawController.m */,
				35A548E3223254340017AA7B /* TestDrawController.h */,
				35A548E4223254340017AA7B /* TestDrawController.m */,
			);
			path = Draw;
			sourceTree = "<group>";
		};
		35A548E6223256E90017AA7B /* Quartz2D */ = {
			isa = PBXGroup;
			children = (
				35A548FC2234F9720017AA7B /* GestureLock */,
				35A548E7223256FE0017AA7B /* Quartz2D.h */,
				35A548E8223256FE0017AA7B /* Quartz2D.m */,
				35A548F02233B8DD0017AA7B /* PictureView.h */,
				35A548F12233B8DD0017AA7B /* PictureView.m */,
				35A548ED223262BC0017AA7B /* QuartzView.h */,
				35A548EE223262BC0017AA7B /* QuartzView.m */,
				35A548F62234B67F0017AA7B /* DrawPictureAndText.h */,
				35A548F72234B67F0017AA7B /* DrawPictureAndText.m */,
			);
			path = Quartz2D;
			sourceTree = "<group>";
		};
		35A548FC2234F9720017AA7B /* GestureLock */ = {
			isa = PBXGroup;
			children = (
				35A548FE2234F9720017AA7B /* GestureLock.h */,
				35A548FD2234F9720017AA7B /* GestureLock.m */,
				35A549062234FC1F0017AA7B /* BgView.h */,
				35A549072234FC1F0017AA7B /* BgView.m */,
				35A549002234FA0A0017AA7B /* LockView.h */,
				35A549012234FA0A0017AA7B /* LockView.m */,
			);
			path = GestureLock;
			sourceTree = "<group>";
		};
		35A54909223518D90017AA7B /* CAAnimation */ = {
			isa = PBXGroup;
			children = (
				35A5490A223518E80017AA7B /* CAAnimationController.h */,
				35A5490B223518E80017AA7B /* CAAnimationController.m */,
				35A5490D223601AA0017AA7B /* RotationController.h */,
				35A5490E223601AA0017AA7B /* RotationController.m */,
				35A54914223632BC0017AA7B /* WheelView.h */,
				35A54915223632BC0017AA7B /* WheelView.m */,
				35A54912223608F90017AA7B /* WheelView.xib */,
				35A54910223602720017AA7B /* Rotation.storyboard */,
				35A54917223659BF0017AA7B /* CustomButton.h */,
				35A54918223659BF0017AA7B /* CustomButton.m */,
			);
			path = CAAnimation;
			sourceTree = "<group>";
		};
		35E9C5FF22378DE1006C7649 /* Tools */ = {
			isa = PBXGroup;
			children = (
				35A54865222CB2580017AA7B /* Marco.h */,
				35E9C60322378E2E006C7649 /* XZ_RootTool.h */,
				35E9C60422378E2E006C7649 /* XZ_RootTool.m */,
				35E9C60622378F8D006C7649 /* XZ_SaveTool.h */,
				35E9C60722378F8D006C7649 /* XZ_SaveTool.m */,
				35E9C60922379082006C7649 /* XZ_Tools.h */,
			);
			path = Tools;
			sourceTree = "<group>";
		};
		35E9C60D2237B245006C7649 /* GCD */ = {
			isa = PBXGroup;
			children = (
				35E9C60E2237B25C006C7649 /* GCD_Controller.h */,
				35E9C60F2237B25C006C7649 /* GCD_Controller.m */,
			);
			path = GCD;
			sourceTree = "<group>";
		};
		35E9C6902239FDBA006C7649 /* UICollectionView */ = {
			isa = PBXGroup;
			children = (
				35E9C6912239FDD0006C7649 /* ImageShowDemo.h */,
				35E9C6922239FDD0006C7649 /* ImageShowDemo.m */,
				35E9C6A2223A35C5006C7649 /* WaterFall.h */,
				35E9C6A3223A35C5006C7649 /* WaterFall.m */,
				35E9C6942239FDF7006C7649 /* ImageLayout.h */,
				35E9C6952239FDF7006C7649 /* ImageLayout.m */,
				35E9C6A0223A34C9006C7649 /* EWWaterFallLayout.h */,
				35E9C69F223A34C9006C7649 /* EWWaterFallLayout.m */,
				35E9C69A223A029B006C7649 /* CollectionImageCell.h */,
				35E9C69B223A029B006C7649 /* CollectionImageCell.m */,
				35E9C69C223A029B006C7649 /* CollectionImageCell.xib */,
			);
			path = UICollectionView;
			sourceTree = "<group>";
		};
/* End PBXGroup section */

/* Begin PBXNativeTarget section */
		35A5482B222CB0E20017AA7B /* DemoPractice */ = {
			isa = PBXNativeTarget;
			buildConfigurationList = 35A54858222CB0E40017AA7B /* Build configuration list for PBXNativeTarget "DemoPractice" */;
			buildPhases = (
				4D99D2969476FA3843DE0C65 /* [CP] Check Pods Manifest.lock */,
				35A54828222CB0E20017AA7B /* Sources */,
				35A54829222CB0E20017AA7B /* Frameworks */,
				35A5482A222CB0E20017AA7B /* Resources */,
			);
			buildRules = (
			);
			dependencies = (
			);
			name = DemoPractice;
			productName = DemoPractice;
			productReference = 35A5482C222CB0E20017AA7B /* DemoPractice.app */;
			productType = "com.apple.product-type.application";
		};
		35A54843222CB0E40017AA7B /* DemoPracticeTests */ = {
			isa = PBXNativeTarget;
			buildConfigurationList = 35A5485B222CB0E40017AA7B /* Build configuration list for PBXNativeTarget "DemoPracticeTests" */;
			buildPhases = (
				35A54840222CB0E40017AA7B /* Sources */,
				35A54841222CB0E40017AA7B /* Frameworks */,
				35A54842222CB0E40017AA7B /* Resources */,
			);
			buildRules = (
			);
			dependencies = (
				35A54846222CB0E40017AA7B /* PBXTargetDependency */,
			);
			name = DemoPracticeTests;
			productName = DemoPracticeTests;
			productReference = 35A54844222CB0E40017AA7B /* DemoPracticeTests.xctest */;
			productType = "com.apple.product-type.bundle.unit-test";
		};
		35A5484E222CB0E40017AA7B /* DemoPracticeUITests */ = {
			isa = PBXNativeTarget;
			buildConfigurationList = 35A5485E222CB0E40017AA7B /* Build configuration list for PBXNativeTarget "DemoPracticeUITests" */;
			buildPhases = (
				35A5484B222CB0E40017AA7B /* Sources */,
				35A5484C222CB0E40017AA7B /* Frameworks */,
				35A5484D222CB0E40017AA7B /* Resources */,
			);
			buildRules = (
			);
			dependencies = (
				35A54851222CB0E40017AA7B /* PBXTargetDependency */,
			);
			name = DemoPracticeUITests;
			productName = DemoPracticeUITests;
			productReference = 35A5484F222CB0E40017AA7B /* DemoPracticeUITests.xctest */;
			productType = "com.apple.product-type.bundle.ui-testing";
		};
/* End PBXNativeTarget section */

/* Begin PBXProject section */
		35A54824222CB0E20017AA7B /* Project object */ = {
			isa = PBXProject;
			attributes = {
				LastUpgradeCheck = 1010;
				ORGANIZATIONNAME = "Leon 笑 竹";
				TargetAttributes = {
					35A5482B222CB0E20017AA7B = {
						CreatedOnToolsVersion = 10.1;
					};
					35A54843222CB0E40017AA7B = {
						CreatedOnToolsVersion = 10.1;
						TestTargetID = 35A5482B222CB0E20017AA7B;
					};
					35A5484E222CB0E40017AA7B = {
						CreatedOnToolsVersion = 10.1;
						TestTargetID = 35A5482B222CB0E20017AA7B;
					};
				};
			};
			buildConfigurationList = 35A54827222CB0E20017AA7B /* Build configuration list for PBXProject "DemoPractice" */;
			compatibilityVersion = "Xcode 9.3";
			developmentRegion = en;
			hasScannedForEncodings = 0;
			knownRegions = (
				en,
				Base,
			);
			mainGroup = 35A54823222CB0E20017AA7B;
			productRefGroup = 35A5482D222CB0E20017AA7B /* Products */;
			projectDirPath = "";
			projectRoot = "";
			targets = (
				35A5482B222CB0E20017AA7B /* DemoPractice */,
				35A54843222CB0E40017AA7B /* DemoPracticeTests */,
				35A5484E222CB0E40017AA7B /* DemoPracticeUITests */,
			);
		};
/* End PBXProject section */

/* Begin PBXResourcesBuildPhase section */
		35A5482A222CB0E20017AA7B /* Resources */ = {
			isa = PBXResourcesBuildPhase;
			buildActionMask = 2147483647;
			files = (
				35E9C6A6223A479E006C7649 /* shop.plist in Resources */,
				35A548DE2231F39E0017AA7B /* podfile in Resources */,
				35A5483C222CB0E40017AA7B /* LaunchScreen.storyboard in Resources */,
				351492A0223150AA00D32546 /* CartCell.xib in Resources */,
				35A5488E222E5A4D0017AA7B /* person.plist in Resources */,
				35A54911223602720017AA7B /* Rotation.storyboard in Resources */,
				35E9C69E223A029B006C7649 /* CollectionImageCell.xib in Resources */,
				35A54839222CB0E40017AA7B /* Assets.xcassets in Resources */,
				35A54913223608F90017AA7B /* WheelView.xib in Resources */,
				35A54837222CB0E30017AA7B /* Main.storyboard in Resources */,
			);
			runOnlyForDeploymentPostprocessing = 0;
		};
		35A54842222CB0E40017AA7B /* Resources */ = {
			isa = PBXResourcesBuildPhase;
			buildActionMask = 2147483647;
			files = (
			);
			runOnlyForDeploymentPostprocessing = 0;
		};
		35A5484D222CB0E40017AA7B /* Resources */ = {
			isa = PBXResourcesBuildPhase;
			buildActionMask = 2147483647;
			files = (
			);
			runOnlyForDeploymentPostprocessing = 0;
		};
/* End PBXResourcesBuildPhase section */

/* Begin PBXShellScriptBuildPhase section */
		4D99D2969476FA3843DE0C65 /* [CP] Check Pods Manifest.lock */ = {
			isa = PBXShellScriptBuildPhase;
			buildActionMask = 2147483647;
			files = (
			);
			inputFileListPaths = (
			);
			inputPaths = (
				"${PODS_PODFILE_DIR_PATH}/Podfile.lock",
				"${PODS_ROOT}/Manifest.lock",
			);
			name = "[CP] Check Pods Manifest.lock";
			outputFileListPaths = (
			);
			outputPaths = (
				"$(DERIVED_FILE_DIR)/Pods-DemoPractice-checkManifestLockResult.txt",
			);
			runOnlyForDeploymentPostprocessing = 0;
			shellPath = /bin/sh;
			shellScript = "diff \"${PODS_PODFILE_DIR_PATH}/Podfile.lock\" \"${PODS_ROOT}/Manifest.lock\" > /dev/null\nif [ $? != 0 ] ; then\n    # print error to STDERR\n    echo \"error: The sandbox is not in sync with the Podfile.lock. Run 'pod install' or update your CocoaPods installation.\" >&2\n    exit 1\nfi\n# This output is used by Xcode 'outputs' to avoid re-running this script phase.\necho \"SUCCESS\" > \"${SCRIPT_OUTPUT_FILE_0}\"\n";
			showEnvVarsInLog = 0;
		};
/* End PBXShellScriptBuildPhase section */

/* Begin PBXSourcesBuildPhase section */
		35A54828222CB0E20017AA7B /* Sources */ = {
			isa = PBXSourcesBuildPhase;
			buildActionMask = 2147483647;
			files = (
				35A5490C223518E80017AA7B /* CAAnimationController.m in Sources */,
				35E9C60C22379705006C7649 /* UIColor+Category.m in Sources */,
				35A548CE2230EAF20017AA7B /* UINavigationBar+transBar.m in Sources */,
				35A549022234FA0A0017AA7B /* LockView.m in Sources */,
				35A54895222E7C970017AA7B /* XMG_MainView.m in Sources */,
				35E9C6962239FDF7006C7649 /* ImageLayout.m in Sources */,
				35A54882222D0B130017AA7B /* MainPage+OtherFunction.m in Sources */,
				35A548B1222F787A0017AA7B /* UIBasic.m in Sources */,
				35E9C60822378F8D006C7649 /* XZ_SaveTool.m in Sources */,
				35A54863222CB18F0017AA7B /* MainPage.m in Sources */,
				35E9C6A1223A34CA006C7649 /* EWWaterFallLayout.m in Sources */,
				35A549082234FC1F0017AA7B /* BgView.m in Sources */,
				35A548A4222F63E00017AA7B /* TransDict.m in Sources */,
				35A548DC223113FF0017AA7B /* RedView.m in Sources */,
				35E9C60522378E2E006C7649 /* XZ_RootTool.m in Sources */,
				35A548EC2232585F0017AA7B /* XZDrawController.m in Sources */,
				35A548CB2230DB050017AA7B /* KutilManager.m in Sources */,
				35A548EF223262BC0017AA7B /* QuartzView.m in Sources */,
				35E9C69D223A029B006C7649 /* CollectionImageCell.m in Sources */,
				35A548C72230D9240017AA7B /* NaviDemo.m in Sources */,
				35A54891222E5A650017AA7B /* PersonModel.m in Sources */,
				35A54888222D2C990017AA7B /* TestDemo.m in Sources */,
				35A5490F223601AA0017AA7B /* RotationController.m in Sources */,
				35E9C6A4223A35C5006C7649 /* WaterFall.m in Sources */,
				35A548AD222F6CE80017AA7B /* Cat.m in Sources */,
				35A5486E222CBB290017AA7B /* ConstArray.m in Sources */,
				35E9C6102237B25C006C7649 /* GCD_Controller.m in Sources */,
				351492A322315D4C00D32546 /* WineModel.m in Sources */,
				35A548BE2230B8E10017AA7B /* SandBox.m in Sources */,
				35A54919223659BF0017AA7B /* CustomButton.m in Sources */,
				35A548E2223235270017AA7B /* DrawController.m in Sources */,
				35A54871222CBD100017AA7B /* ConstDictionary.m in Sources */,
				35A548A0222F5AF60017AA7B /* MainPageModel.m in Sources */,
				35A54899222E7D120017AA7B /* BasicViewController.m in Sources */,
				35E9C6932239FDD0006C7649 /* ImageShowDemo.m in Sources */,
				35A548F22233B8DD0017AA7B /* PictureView.m in Sources */,
				35A548A7222F64A60017AA7B /* Person.m in Sources */,
				35A548E9223256FE0017AA7B /* Quartz2D.m in Sources */,
				35A5483F222CB0E40017AA7B /* main.m in Sources */,
				35A548E5223254340017AA7B /* TestDrawController.m in Sources */,
				35A5487F222D03C70017AA7B /* XZCornerRadius.m in Sources */,
				35A548F82234B67F0017AA7B /* DrawPictureAndText.m in Sources */,
				35A548B82230AA470017AA7B /* TransValueNext.m in Sources */,
				35A54831222CB0E30017AA7B /* AppDelegate.m in Sources */,
				35A54916223632BC0017AA7B /* WheelView.m in Sources */,
				35A548AA222F64B10017AA7B /* Dog.m in Sources */,
				35A548FF2234F9730017AA7B /* GestureLock.m in Sources */,
				35A54874222CC3AC0017AA7B /* CollectionViewPractice.m in Sources */,
				35A548B52230A8AC0017AA7B /* TransValue.m in Sources */,
				35A548D22231098D0017AA7B /* TransForm.m in Sources */,
				355AADAE22314A8C00DAC3DC /* ShoppingCart.m in Sources */,
				35E9C6A9223A47FF006C7649 /* ImageModel.m in Sources */,
				3514929F223150AA00D32546 /* CartCell.m in Sources */,
				35A548C32230C15F0017AA7B /* CustomerButton.m in Sources */,
				35E9C5FE2237878A006C7649 /* UIView+frame.m in Sources */,
				35A548D6223112FD0017AA7B /* Gesture.m in Sources */,
			);
			runOnlyForDeploymentPostprocessing = 0;
		};
		35A54840222CB0E40017AA7B /* Sources */ = {
			isa = PBXSourcesBuildPhase;
			buildActionMask = 2147483647;
			files = (
				35A54849222CB0E40017AA7B /* DemoPracticeTests.m in Sources */,
			);
			runOnlyForDeploymentPostprocessing = 0;
		};
		35A5484B222CB0E40017AA7B /* Sources */ = {
			isa = PBXSourcesBuildPhase;
			buildActionMask = 2147483647;
			files = (
				35A54854222CB0E40017AA7B /* DemoPracticeUITests.m in Sources */,
			);
			runOnlyForDeploymentPostprocessing = 0;
		};
/* End PBXSourcesBuildPhase section */

/* Begin PBXTargetDependency section */
		35A54846222CB0E40017AA7B /* PBXTargetDependency */ = {
			isa = PBXTargetDependency;
			target = 35A5482B222CB0E20017AA7B /* DemoPractice */;
			targetProxy = 35A54845222CB0E40017AA7B /* PBXContainerItemProxy */;
		};
		35A54851222CB0E40017AA7B /* PBXTargetDependency */ = {
			isa = PBXTargetDependency;
			target = 35A5482B222CB0E20017AA7B /* DemoPractice */;
			targetProxy = 35A54850222CB0E40017AA7B /* PBXContainerItemProxy */;
		};
/* End PBXTargetDependency section */

/* Begin PBXVariantGroup section */
		35A54835222CB0E30017AA7B /* Main.storyboard */ = {
			isa = PBXVariantGroup;
			children = (
				35A54836222CB0E30017AA7B /* Base */,
			);
			name = Main.storyboard;
			sourceTree = "<group>";
		};
		35A5483A222CB0E40017AA7B /* LaunchScreen.storyboard */ = {
			isa = PBXVariantGroup;
			children = (
				35A5483B222CB0E40017AA7B /* Base */,
			);
			name = LaunchScreen.storyboard;
			sourceTree = "<group>";
		};
/* End PBXVariantGroup section */

/* Begin XCBuildConfiguration section */
		35A54856222CB0E40017AA7B /* Debug */ = {
			isa = XCBuildConfiguration;
			buildSettings = {
				ALWAYS_SEARCH_USER_PATHS = NO;
				CLANG_ANALYZER_NONNULL = YES;
				CLANG_ANALYZER_NUMBER_OBJECT_CONVERSION = YES_AGGRESSIVE;
				CLANG_CXX_LANGUAGE_STANDARD = "gnu++14";
				CLANG_CXX_LIBRARY = "libc++";
				CLANG_ENABLE_MODULES = YES;
				CLANG_ENABLE_OBJC_ARC = YES;
				CLANG_ENABLE_OBJC_WEAK = YES;
				CLANG_WARN_BLOCK_CAPTURE_AUTORELEASING = YES;
				CLANG_WARN_BOOL_CONVERSION = YES;
				CLANG_WARN_COMMA = YES;
				CLANG_WARN_CONSTANT_CONVERSION = YES;
				CLANG_WARN_DEPRECATED_OBJC_IMPLEMENTATIONS = YES;
				CLANG_WARN_DIRECT_OBJC_ISA_USAGE = YES_ERROR;
				CLANG_WARN_DOCUMENTATION_COMMENTS = YES;
				CLANG_WARN_EMPTY_BODY = YES;
				CLANG_WARN_ENUM_CONVERSION = YES;
				CLANG_WARN_INFINITE_RECURSION = YES;
				CLANG_WARN_INT_CONVERSION = YES;
				CLANG_WARN_NON_LITERAL_NULL_CONVERSION = YES;
				CLANG_WARN_OBJC_IMPLICIT_RETAIN_SELF = YES;
				CLANG_WARN_OBJC_LITERAL_CONVERSION = YES;
				CLANG_WARN_OBJC_ROOT_CLASS = YES_ERROR;
				CLANG_WARN_RANGE_LOOP_ANALYSIS = YES;
				CLANG_WARN_STRICT_PROTOTYPES = YES;
				CLANG_WARN_SUSPICIOUS_MOVE = YES;
				CLANG_WARN_UNGUARDED_AVAILABILITY = YES_AGGRESSIVE;
				CLANG_WARN_UNREACHABLE_CODE = YES;
				CLANG_WARN__DUPLICATE_METHOD_MATCH = YES;
				CODE_SIGN_IDENTITY = "iPhone Developer";
				COPY_PHASE_STRIP = NO;
				DEBUG_INFORMATION_FORMAT = dwarf;
				ENABLE_STRICT_OBJC_MSGSEND = YES;
				ENABLE_TESTABILITY = YES;
				GCC_C_LANGUAGE_STANDARD = gnu11;
				GCC_DYNAMIC_NO_PIC = NO;
				GCC_NO_COMMON_BLOCKS = YES;
				GCC_OPTIMIZATION_LEVEL = 0;
				GCC_PREPROCESSOR_DEFINITIONS = (
					"DEBUG=1",
					"$(inherited)",
				);
				GCC_WARN_64_TO_32_BIT_CONVERSION = YES;
				GCC_WARN_ABOUT_RETURN_TYPE = YES_ERROR;
				GCC_WARN_UNDECLARED_SELECTOR = YES;
				GCC_WARN_UNINITIALIZED_AUTOS = YES_AGGRESSIVE;
				GCC_WARN_UNUSED_FUNCTION = YES;
				GCC_WARN_UNUSED_VARIABLE = YES;
				IPHONEOS_DEPLOYMENT_TARGET = 12.1;
				MTL_ENABLE_DEBUG_INFO = INCLUDE_SOURCE;
				MTL_FAST_MATH = YES;
				ONLY_ACTIVE_ARCH = YES;
				SDKROOT = iphoneos;
			};
			name = Debug;
		};
		35A54857222CB0E40017AA7B /* Release */ = {
			isa = XCBuildConfiguration;
			buildSettings = {
				ALWAYS_SEARCH_USER_PATHS = NO;
				CLANG_ANALYZER_NONNULL = YES;
				CLANG_ANALYZER_NUMBER_OBJECT_CONVERSION = YES_AGGRESSIVE;
				CLANG_CXX_LANGUAGE_STANDARD = "gnu++14";
				CLANG_CXX_LIBRARY = "libc++";
				CLANG_ENABLE_MODULES = YES;
				CLANG_ENABLE_OBJC_ARC = YES;
				CLANG_ENABLE_OBJC_WEAK = YES;
				CLANG_WARN_BLOCK_CAPTURE_AUTORELEASING = YES;
				CLANG_WARN_BOOL_CONVERSION = YES;
				CLANG_WARN_COMMA = YES;
				CLANG_WARN_CONSTANT_CONVERSION = YES;
				CLANG_WARN_DEPRECATED_OBJC_IMPLEMENTATIONS = YES;
				CLANG_WARN_DIRECT_OBJC_ISA_USAGE = YES_ERROR;
				CLANG_WARN_DOCUMENTATION_COMMENTS = YES;
				CLANG_WARN_EMPTY_BODY = YES;
				CLANG_WARN_ENUM_CONVERSION = YES;
				CLANG_WARN_INFINITE_RECURSION = YES;
				CLANG_WARN_INT_CONVERSION = YES;
				CLANG_WARN_NON_LITERAL_NULL_CONVERSION = YES;
				CLANG_WARN_OBJC_IMPLICIT_RETAIN_SELF = YES;
				CLANG_WARN_OBJC_LITERAL_CONVERSION = YES;
				CLANG_WARN_OBJC_ROOT_CLASS = YES_ERROR;
				CLANG_WARN_RANGE_LOOP_ANALYSIS = YES;
				CLANG_WARN_STRICT_PROTOTYPES = YES;
				CLANG_WARN_SUSPICIOUS_MOVE = YES;
				CLANG_WARN_UNGUARDED_AVAILABILITY = YES_AGGRESSIVE;
				CLANG_WARN_UNREACHABLE_CODE = YES;
				CLANG_WARN__DUPLICATE_METHOD_MATCH = YES;
				CODE_SIGN_IDENTITY = "iPhone Developer";
				COPY_PHASE_STRIP = NO;
				DEBUG_INFORMATION_FORMAT = "dwarf-with-dsym";
				ENABLE_NS_ASSERTIONS = NO;
				ENABLE_STRICT_OBJC_MSGSEND = YES;
				GCC_C_LANGUAGE_STANDARD = gnu11;
				GCC_NO_COMMON_BLOCKS = YES;
				GCC_WARN_64_TO_32_BIT_CONVERSION = YES;
				GCC_WARN_ABOUT_RETURN_TYPE = YES_ERROR;
				GCC_WARN_UNDECLARED_SELECTOR = YES;
				GCC_WARN_UNINITIALIZED_AUTOS = YES_AGGRESSIVE;
				GCC_WARN_UNUSED_FUNCTION = YES;
				GCC_WARN_UNUSED_VARIABLE = YES;
				IPHONEOS_DEPLOYMENT_TARGET = 12.1;
				MTL_ENABLE_DEBUG_INFO = NO;
				MTL_FAST_MATH = YES;
				SDKROOT = iphoneos;
				VALIDATE_PRODUCT = YES;
			};
			name = Release;
		};
		35A54859222CB0E40017AA7B /* Debug */ = {
			isa = XCBuildConfiguration;
			baseConfigurationReference = 3DAA84B20E99A4E9FBF24B78 /* Pods-DemoPractice.debug.xcconfig */;
			buildSettings = {
				ASSETCATALOG_COMPILER_APPICON_NAME = AppIcon;
				CODE_SIGN_STYLE = Automatic;
				DEVELOPMENT_TEAM = 6BF5CN26RG;
				GCC_PREFIX_HEADER = "$(SRCROOT)/DemoPractice/PrefixHeader.pch";
				INFOPLIST_FILE = DemoPractice/Info.plist;
				LD_RUNPATH_SEARCH_PATHS = (
					"$(inherited)",
					"@executable_path/Frameworks",
				);
				PRODUCT_BUNDLE_IDENTIFIER = WHTY.DemoPractice;
				PRODUCT_NAME = "$(TARGET_NAME)";
				TARGETED_DEVICE_FAMILY = "1,2";
			};
			name = Debug;
		};
		35A5485A222CB0E40017AA7B /* Release */ = {
			isa = XCBuildConfiguration;
			baseConfigurationReference = 656FC2137E3E1919B06EAEE9 /* Pods-DemoPractice.release.xcconfig */;
			buildSettings = {
				ASSETCATALOG_COMPILER_APPICON_NAME = AppIcon;
				CODE_SIGN_STYLE = Automatic;
				DEVELOPMENT_TEAM = 6BF5CN26RG;
				GCC_PREFIX_HEADER = "$(SRCROOT)/DemoPractice/PrefixHeader.pch";
				INFOPLIST_FILE = DemoPractice/Info.plist;
				LD_RUNPATH_SEARCH_PATHS = (
					"$(inherited)",
					"@executable_path/Frameworks",
				);
				PRODUCT_BUNDLE_IDENTIFIER = WHTY.DemoPractice;
				PRODUCT_NAME = "$(TARGET_NAME)";
				TARGETED_DEVICE_FAMILY = "1,2";
			};
			name = Release;
		};
		35A5485C222CB0E40017AA7B /* Debug */ = {
			isa = XCBuildConfiguration;
			buildSettings = {
				BUNDLE_LOADER = "$(TEST_HOST)";
				CODE_SIGN_STYLE = Automatic;
				DEVELOPMENT_TEAM = 6BF5CN26RG;
				INFOPLIST_FILE = DemoPracticeTests/Info.plist;
				LD_RUNPATH_SEARCH_PATHS = (
					"$(inherited)",
					"@executable_path/Frameworks",
					"@loader_path/Frameworks",
				);
				PRODUCT_BUNDLE_IDENTIFIER = WHTY.DemoPracticeTests;
				PRODUCT_NAME = "$(TARGET_NAME)";
				TARGETED_DEVICE_FAMILY = "1,2";
				TEST_HOST = "$(BUILT_PRODUCTS_DIR)/DemoPractice.app/DemoPractice";
			};
			name = Debug;
		};
		35A5485D222CB0E40017AA7B /* Release */ = {
			isa = XCBuildConfiguration;
			buildSettings = {
				BUNDLE_LOADER = "$(TEST_HOST)";
				CODE_SIGN_STYLE = Automatic;
				DEVELOPMENT_TEAM = 6BF5CN26RG;
				INFOPLIST_FILE = DemoPracticeTests/Info.plist;
				LD_RUNPATH_SEARCH_PATHS = (
					"$(inherited)",
					"@executable_path/Frameworks",
					"@loader_path/Frameworks",
				);
				PRODUCT_BUNDLE_IDENTIFIER = WHTY.DemoPracticeTests;
				PRODUCT_NAME = "$(TARGET_NAME)";
				TARGETED_DEVICE_FAMILY = "1,2";
				TEST_HOST = "$(BUILT_PRODUCTS_DIR)/DemoPractice.app/DemoPractice";
			};
			name = Release;
		};
		35A5485F222CB0E40017AA7B /* Debug */ = {
			isa = XCBuildConfiguration;
			buildSettings = {
				CODE_SIGN_STYLE = Automatic;
				DEVELOPMENT_TEAM = 6BF5CN26RG;
				INFOPLIST_FILE = DemoPracticeUITests/Info.plist;
				LD_RUNPATH_SEARCH_PATHS = (
					"$(inherited)",
					"@executable_path/Frameworks",
					"@loader_path/Frameworks",
				);
				PRODUCT_BUNDLE_IDENTIFIER = WHTY.DemoPracticeUITests;
				PRODUCT_NAME = "$(TARGET_NAME)";
				TARGETED_DEVICE_FAMILY = "1,2";
				TEST_TARGET_NAME = DemoPractice;
			};
			name = Debug;
		};
		35A54860222CB0E40017AA7B /* Release */ = {
			isa = XCBuildConfiguration;
			buildSettings = {
				CODE_SIGN_STYLE = Automatic;
				DEVELOPMENT_TEAM = 6BF5CN26RG;
				INFOPLIST_FILE = DemoPracticeUITests/Info.plist;
				LD_RUNPATH_SEARCH_PATHS = (
					"$(inherited)",
					"@executable_path/Frameworks",
					"@loader_path/Frameworks",
				);
				PRODUCT_BUNDLE_IDENTIFIER = WHTY.DemoPracticeUITests;
				PRODUCT_NAME = "$(TARGET_NAME)";
				TARGETED_DEVICE_FAMILY = "1,2";
				TEST_TARGET_NAME = DemoPractice;
			};
			name = Release;
		};
/* End XCBuildConfiguration section */

/* Begin XCConfigurationList section */
		35A54827222CB0E20017AA7B /* Build configuration list for PBXProject "DemoPractice" */ = {
			isa = XCConfigurationList;
			buildConfigurations = (
				35A54856222CB0E40017AA7B /* Debug */,
				35A54857222CB0E40017AA7B /* Release */,
			);
			defaultConfigurationIsVisible = 0;
			defaultConfigurationName = Release;
		};
		35A54858222CB0E40017AA7B /* Build configuration list for PBXNativeTarget "DemoPractice" */ = {
			isa = XCConfigurationList;
			buildConfigurations = (
				35A54859222CB0E40017AA7B /* Debug */,
				35A5485A222CB0E40017AA7B /* Release */,
			);
			defaultConfigurationIsVisible = 0;
			defaultConfigurationName = Release;
		};
		35A5485B222CB0E40017AA7B /* Build configuration list for PBXNativeTarget "DemoPracticeTests" */ = {
			isa = XCConfigurationList;
			buildConfigurations = (
				35A5485C222CB0E40017AA7B /* Debug */,
				35A5485D222CB0E40017AA7B /* Release */,
			);
			defaultConfigurationIsVisible = 0;
			defaultConfigurationName = Release;
		};
		35A5485E222CB0E40017AA7B /* Build configuration list for PBXNativeTarget "DemoPracticeUITests" */ = {
			isa = XCConfigurationList;
			buildConfigurations = (
				35A5485F222CB0E40017AA7B /* Debug */,
				35A54860222CB0E40017AA7B /* Release */,
			);
			defaultConfigurationIsVisible = 0;
			defaultConfigurationName = Release;
		};
/* End XCConfigurationList section */
	};
	rootObject = 35A54824222CB0E20017AA7B /* Project object */;
}
